
Microsoft Visual Studio Solution File, Format Version 12.00
# Visual Studio Version 16
VisualStudioVersion = 16.0.31112.23
MinimumVisualStudioVersion = 10.0.40219.1
Project("{FAE04EC0-301F-11D3-BF4B-00C04F79EFBC}") = "ChangeEncoding", "ChangeEncoding.csproj", "{C4E38BEA-E56C-4597-A542-80B26EC52F28}"
EndProject
Global
	GlobalSection(SolutionConfigurationPlatforms) = preSolution
		Debug|Any CPU = Debug|Any CPU
		Release|Any CPU = Release|Any CPU
	EndGlobalSection
	GlobalSection(ProjectConfigurationPlatforms) = postSolution
		{C4E38BEA-E56C-4597-A542-80B26EC52F28}.Debug|Any CPU.ActiveCfg = Debug|Any CPU
		{C4E38BEA-E56C-4597-A542-80B26EC52F28}.Debug|Any CPU.Build.0 = Debug|Any CPU
		{C4E38BEA-E56C-4597-A542-80B26EC52F28}.Release|Any CPU.ActiveCfg = Release|Any CPU
		{C4E38BEA-E56C-4597-A542-80B26EC52F28}.Release|Any CPU.Build.0 = Release|Any CPU
	EndGlobalSection
	GlobalSection(SolutionProperties) = preSolution
		HideSolutionNode = FALSE
	EndGlobalSection
	GlobalSection(ExtensibilityGlobals) = postSolution
		SolutionGuid = {BD12B2F1-026E-4C96-A310-B919F2C3E90E}
	EndGlobalSection
EndGlobal
